{
  "name": "@gim/logger",
  "version": "1.0.0",
  "lockfileVersion": 3,
  "requires": true,
  "packages": {
    "": {
      "name": "@gim/logger",
      "version": "1.0.0",
      "license": "MIT",
      "dependencies": {
        "@gim/annotation": "^1.0.0"
      }
    },
    "node_modules/@gim/annotation": {
      "version": "1.0.0",
      "resolved": "http://npm.niushibang.net/@gim%2fannotation/-/annotation-1.0.0.tgz",
      "integrity": "sha512-15wTQFyOGjAZ1r+z4XzokM47vskF8DuxOZuNZpKSkpI3brzOOQsp5c8cgp6FhCZUhRYSEUY4tOwak16f0B6Eog==",
      "license": "MIT"
    }
  }
}
